<?xml version="1.0" encoding="utf-8"?>
<Project ToolsVersion="4.0" xmlns="http://schemas.microsoft.com/developer/msbuild/2003">
  <ItemGroup>
    <Filter Include="资源文件">
      <UniqueIdentifier>{67DA6AB6-F800-4c08-8B7A-83BB121AAD01}</UniqueIdentifier>
      <Extensions>rc;ico;cur;bmp;dlg;rc2;rct;bin;rgs;gif;jpg;jpeg;jpe;resx;tiff;tif;png;wav;mfcribbon-ms</Extensions>
    </Filter>
    <Filter Include="DUOEngine">
      <UniqueIdentifier>{e980b48a-1554-446f-be68-50c2969761ac}</UniqueIdentifier>
    </Filter>
    <Filter Include="Game">
      <UniqueIdentifier>{4838abb0-9c3d-4a9e-b6fc-9a807994d345}</UniqueIdentifier>
    </Filter>
    <Filter Include="Game\Entry">
      <UniqueIdentifier>{62295170-2018-48f2-985c-f07c2d2c6e97}</UniqueIdentifier>
    </Filter>
    <Filter Include="Game\Level">
      <UniqueIdentifier>{6184ac34-2e9b-4ba7-8a17-2ab639fbb3a6}</UniqueIdentifier>
    </Filter>
    <Filter Include="Game\Level\Scene">
      <UniqueIdentifier>{25298697-4b87-4e07-af98-95d34e3f05b7}</UniqueIdentifier>
    </Filter>
    <Filter Include="Game\Level\Object">
      <UniqueIdentifier>{70ec240d-2d13-4e64-b9f0-ac7070654805}</UniqueIdentifier>
    </Filter>
    <Filter Include="Game\Level\Attribute">
      <UniqueIdentifier>{e782f68e-8a91-48e5-a58e-c4b39cecdf32}</UniqueIdentifier>
    </Filter>
    <Filter Include="Game\Manager">
      <UniqueIdentifier>{88713e46-dcd8-4d24-a7e5-aaea65cc898d}</UniqueIdentifier>
    </Filter>
    <Filter Include="Game\Manager\State">
      <UniqueIdentifier>{c1565ebf-f416-4dce-8996-67ad38463586}</UniqueIdentifier>
    </Filter>
    <Filter Include="DUOEngine\Logic">
      <UniqueIdentifier>{85424704-64cd-4161-a40c-890141304a2a}</UniqueIdentifier>
    </Filter>
    <Filter Include="DUOEngine\Logic\Manager">
      <UniqueIdentifier>{d4aa462e-1291-4f7f-97ed-1875ef88a2a7}</UniqueIdentifier>
    </Filter>
    <Filter Include="DUOEngine\Logic\Manager\Timer">
      <UniqueIdentifier>{675fb686-c96c-4f02-9de1-4756bd095bb8}</UniqueIdentifier>
    </Filter>
    <Filter Include="DUOEngine\Logic\Manager\Message">
      <UniqueIdentifier>{11eac411-cc64-4145-9b5c-c4daf5addc34}</UniqueIdentifier>
    </Filter>
    <Filter Include="DUOEngine\Logic\Manager\State">
      <UniqueIdentifier>{815af130-6d1c-4fc0-934e-0ae61ece8d1a}</UniqueIdentifier>
    </Filter>
    <Filter Include="DUOEngine\Logic\Level">
      <UniqueIdentifier>{fb652d99-5d63-42f1-89d9-0a7bb91c5767}</UniqueIdentifier>
    </Filter>
    <Filter Include="DUOEngine\Logic\Level\Sprite">
      <UniqueIdentifier>{51bd36de-4d8e-4a12-8f98-c197a8e0aa87}</UniqueIdentifier>
    </Filter>
    <Filter Include="DUOEngine\Logic\Level\Object">
      <UniqueIdentifier>{da88bff4-6519-4204-88b6-2ba45dcc7762}</UniqueIdentifier>
    </Filter>
    <Filter Include="DUOEngine\Logic\Level\Scene">
      <UniqueIdentifier>{0bd60da1-3016-4c8d-9b71-84173445c2d4}</UniqueIdentifier>
    </Filter>
    <Filter Include="DUOEngine\DirectX">
      <UniqueIdentifier>{40f77777-97d3-4f19-9544-72e262559a2c}</UniqueIdentifier>
    </Filter>
    <Filter Include="DUOEngine\DirectX\Render">
      <UniqueIdentifier>{7b48055f-c231-4888-a3a8-3d77ae9e5723}</UniqueIdentifier>
    </Filter>
    <Filter Include="DUOEngine\DirectX\Render\Factory">
      <UniqueIdentifier>{51008e2e-e785-4be4-a15b-3f094377e0b5}</UniqueIdentifier>
    </Filter>
    <Filter Include="DUOEngine\DirectX\Input">
      <UniqueIdentifier>{6f54ff52-70e5-43a1-9d4d-a253d8d44df7}</UniqueIdentifier>
    </Filter>
    <Filter Include="DUOEngine\Logic\Math">
      <UniqueIdentifier>{f11ca338-01c8-4b6d-b8c4-44c6a9bb0b88}</UniqueIdentifier>
    </Filter>
    <Filter Include="DUOEngine\DirectX\Core">
      <UniqueIdentifier>{dedc3ed7-f0f7-4d12-a096-0cb26c715a2d}</UniqueIdentifier>
    </Filter>
    <Filter Include="DUOEngine\Logic\Core">
      <UniqueIdentifier>{96bc4793-031c-46ab-811b-26961fc2fdd7}</UniqueIdentifier>
    </Filter>
    <Filter Include="DUOEngine\Logic\Input">
      <UniqueIdentifier>{f5be4825-1025-4a6e-bc35-e66773d04835}</UniqueIdentifier>
    </Filter>
    <Filter Include="DUOEngine\DirectX\DXUtil">
      <UniqueIdentifier>{284b1df2-793a-44bf-af10-44aea5b05425}</UniqueIdentifier>
    </Filter>
    <Filter Include="Game\GameUtil">
      <UniqueIdentifier>{291ede58-ed77-42b1-af3d-0d318ecfcd65}</UniqueIdentifier>
    </Filter>
    <Filter Include="DUOEngine\Entry">
      <UniqueIdentifier>{4258ca78-b47d-4db5-8ba2-4253fbf1e54f}</UniqueIdentifier>
    </Filter>
    <Filter Include="DUOEngine\Logic\LogicUtil">
      <UniqueIdentifier>{5c3fec86-11aa-4419-907b-731a83efe081}</UniqueIdentifier>
    </Filter>
    <Filter Include="DUOEngine\EngineUtil">
      <UniqueIdentifier>{fc1253bc-b7bf-4573-8bbc-90968acbdb6d}</UniqueIdentifier>
    </Filter>
  </ItemGroup>
  <ItemGroup>
    <ClInclude Include="..\..\DUOEngine\Base.h">
      <Filter>DUOEngine\DirectX\Core</Filter>
    </ClInclude>
    <ClInclude Include="..\..\DUOEngine\DXCenter.h">
      <Filter>DUOEngine\DirectX\Core</Filter>
    </ClInclude>
    <ClInclude Include="..\..\DUOEngine\DXHead.h">
      <Filter>DUOEngine\DirectX\DXUtil</Filter>
    </ClInclude>
    <ClInclude Include="..\..\DUOEngine\DXUtil.h">
      <Filter>DUOEngine\DirectX\DXUtil</Filter>
    </ClInclude>
    <ClInclude Include="..\..\DUOEngine\DXInput.h">
      <Filter>DUOEngine\DirectX\Input</Filter>
    </ClInclude>
    <ClInclude Include="..\..\DUOEngine\VertexBuffer.h">
      <Filter>DUOEngine\DirectX\Render\Factory</Filter>
    </ClInclude>
    <ClInclude Include="..\..\DUOEngine\VertexShader.h">
      <Filter>DUOEngine\DirectX\Render\Factory</Filter>
    </ClInclude>
    <ClInclude Include="..\..\DUOEngine\ViewPort.h">
      <Filter>DUOEngine\DirectX\Render\Factory</Filter>
    </ClInclude>
    <ClInclude Include="..\..\DUOEngine\VPMatrix.h">
      <Filter>DUOEngine\DirectX\Render\Factory</Filter>
    </ClInclude>
    <ClInclude Include="..\..\DUOEngine\BlendState.h">
      <Filter>DUOEngine\DirectX\Render\Factory</Filter>
    </ClInclude>
    <ClInclude Include="..\..\DUOEngine\ConstBuffer.h">
      <Filter>DUOEngine\DirectX\Render\Factory</Filter>
    </ClInclude>
    <ClInclude Include="..\..\DUOEngine\Context.h">
      <Filter>DUOEngine\DirectX\Render\Factory</Filter>
    </ClInclude>
    <ClInclude Include="..\..\DUOEngine\InputLayout.h">
      <Filter>DUOEngine\DirectX\Render\Factory</Filter>
    </ClInclude>
    <ClInclude Include="..\..\DUOEngine\PixelShader.h">
      <Filter>DUOEngine\DirectX\Render\Factory</Filter>
    </ClInclude>
    <ClInclude Include="..\..\DUOEngine\RenderTargetView.h">
      <Filter>DUOEngine\DirectX\Render\Factory</Filter>
    </ClInclude>
    <ClInclude Include="..\..\DUOEngine\SamplerState.h">
      <Filter>DUOEngine\DirectX\Render\Factory</Filter>
    </ClInclude>
    <ClInclude Include="..\..\DUOEngine\Shader.h">
      <Filter>DUOEngine\DirectX\Render\Factory</Filter>
    </ClInclude>
    <ClInclude Include="..\..\DUOEngine\ShaderResourceView.h">
      <Filter>DUOEngine\DirectX\Render\Factory</Filter>
    </ClInclude>
    <ClInclude Include="..\..\DUOEngine\SwapChain.h">
      <Filter>DUOEngine\DirectX\Render\Factory</Filter>
    </ClInclude>
    <ClInclude Include="..\..\DUOEngine\DUOEngine.h">
      <Filter>DUOEngine\EngineUtil</Filter>
    </ClInclude>
    <ClInclude Include="..\..\DUOEngine\Util.h">
      <Filter>DUOEngine\EngineUtil</Filter>
    </ClInclude>
    <ClInclude Include="..\..\DUOEngine\LGCenter.h">
      <Filter>DUOEngine\Logic\Core</Filter>
    </ClInclude>
    <ClInclude Include="..\..\DUOEngine\LGInput.h">
      <Filter>DUOEngine\Logic\Input</Filter>
    </ClInclude>
    <ClInclude Include="..\..\DUOEngine\Object.h">
      <Filter>DUOEngine\Logic\Level\Object</Filter>
    </ClInclude>
    <ClInclude Include="..\..\DUOEngine\Scene.h">
      <Filter>DUOEngine\Logic\Level\Scene</Filter>
    </ClInclude>
    <ClInclude Include="..\..\DUOEngine\Sprite.h">
      <Filter>DUOEngine\Logic\Level\Sprite</Filter>
    </ClInclude>
    <ClInclude Include="..\..\DUOEngine\LGUtil.h">
      <Filter>DUOEngine\Logic\LogicUtil</Filter>
    </ClInclude>
    <ClInclude Include="..\..\DUOEngine\Telegram.h">
      <Filter>DUOEngine\Logic\Manager\Message</Filter>
    </ClInclude>
    <ClInclude Include="..\..\DUOEngine\MessageDispatcher.h">
      <Filter>DUOEngine\Logic\Manager\Message</Filter>
    </ClInclude>
    <ClInclude Include="..\..\DUOEngine\State.h">
      <Filter>DUOEngine\Logic\Manager\State</Filter>
    </ClInclude>
    <ClInclude Include="..\..\DUOEngine\StateMachine.h">
      <Filter>DUOEngine\Logic\Manager\State</Filter>
    </ClInclude>
    <ClInclude Include="..\..\DUOEngine\CrudeTimer.h">
      <Filter>DUOEngine\Logic\Manager\Timer</Filter>
    </ClInclude>
    <ClInclude Include="..\..\DUOEngine\Point.h">
      <Filter>DUOEngine\Logic\Math</Filter>
    </ClInclude>
    <ClInclude Include="..\..\DUOEngine\Rect.h">
      <Filter>DUOEngine\Logic\Math</Filter>
    </ClInclude>
    <ClInclude Include="Code\GameUtil.h">
      <Filter>Game\GameUtil</Filter>
    </ClInclude>
    <ClInclude Include="Code\Type.h">
      <Filter>Game\GameUtil</Filter>
    </ClInclude>
    <ClInclude Include="Code\Ability.h">
      <Filter>Game\Level\Attribute</Filter>
    </ClInclude>
    <ClInclude Include="Code\Prop.h">
      <Filter>Game\Level\Object</Filter>
    </ClInclude>
    <ClInclude Include="Code\Role.h">
      <Filter>Game\Level\Object</Filter>
    </ClInclude>
    <ClInclude Include="Code\Block.h">
      <Filter>Game\Level\Object</Filter>
    </ClInclude>
    <ClInclude Include="Code\Bubble.h">
      <Filter>Game\Level\Object</Filter>
    </ClInclude>
    <ClInclude Include="Code\GameObject.h">
      <Filter>Game\Level\Object</Filter>
    </ClInclude>
    <ClInclude Include="Code\PlayScene.h">
      <Filter>Game\Level\Scene</Filter>
    </ClInclude>
    <ClInclude Include="Code\RoleState.h">
      <Filter>Game\Manager\State</Filter>
    </ClInclude>
    <ClInclude Include="Code\BubbleState.h">
      <Filter>Game\Manager\State</Filter>
    </ClInclude>
  </ItemGroup>
  <ItemGroup>
    <ClCompile Include="..\..\DUOEngine\Base.cpp">
      <Filter>DUOEngine\DirectX\Core</Filter>
    </ClCompile>
    <ClCompile Include="..\..\DUOEngine\DXCenter.cpp">
      <Filter>DUOEngine\DirectX\Core</Filter>
    </ClCompile>
    <ClCompile Include="..\..\DUOEngine\DXUtil.cpp">
      <Filter>DUOEngine\DirectX\DXUtil</Filter>
    </ClCompile>
    <ClCompile Include="..\..\DUOEngine\DXInput.cpp">
      <Filter>DUOEngine\DirectX\Input</Filter>
    </ClCompile>
    <ClCompile Include="..\..\DUOEngine\VertexShader.cpp">
      <Filter>DUOEngine\DirectX\Render\Factory</Filter>
    </ClCompile>
    <ClCompile Include="..\..\DUOEngine\ViewPort.cpp">
      <Filter>DUOEngine\DirectX\Render\Factory</Filter>
    </ClCompile>
    <ClCompile Include="..\..\DUOEngine\VPMatrix.cpp">
      <Filter>DUOEngine\DirectX\Render\Factory</Filter>
    </ClCompile>
    <ClCompile Include="..\..\DUOEngine\BlendState.cpp">
      <Filter>DUOEngine\DirectX\Render\Factory</Filter>
    </ClCompile>
    <ClCompile Include="..\..\DUOEngine\ConstBuffer.cpp">
      <Filter>DUOEngine\DirectX\Render\Factory</Filter>
    </ClCompile>
    <ClCompile Include="..\..\DUOEngine\Context.cpp">
      <Filter>DUOEngine\DirectX\Render\Factory</Filter>
    </ClCompile>
    <ClCompile Include="..\..\DUOEngine\InputLayout.cpp">
      <Filter>DUOEngine\DirectX\Render\Factory</Filter>
    </ClCompile>
    <ClCompile Include="..\..\DUOEngine\PixelShader.cpp">
      <Filter>DUOEngine\DirectX\Render\Factory</Filter>
    </ClCompile>
    <ClCompile Include="..\..\DUOEngine\RenderTargetView.cpp">
      <Filter>DUOEngine\DirectX\Render\Factory</Filter>
    </ClCompile>
    <ClCompile Include="..\..\DUOEngine\SamplerState.cpp">
      <Filter>DUOEngine\DirectX\Render\Factory</Filter>
    </ClCompile>
    <ClCompile Include="..\..\DUOEngine\Shader.cpp">
      <Filter>DUOEngine\DirectX\Render\Factory</Filter>
    </ClCompile>
    <ClCompile Include="..\..\DUOEngine\ShaderResourceView.cpp">
      <Filter>DUOEngine\DirectX\Render\Factory</Filter>
    </ClCompile>
    <ClCompile Include="..\..\DUOEngine\SwapChain.cpp">
      <Filter>DUOEngine\DirectX\Render\Factory</Filter>
    </ClCompile>
    <ClCompile Include="..\..\DUOEngine\VertexBuffer.cpp">
      <Filter>DUOEngine\DirectX\Render\Factory</Filter>
    </ClCompile>
    <ClCompile Include="..\..\DUOEngine\Util.cpp">
      <Filter>DUOEngine\EngineUtil</Filter>
    </ClCompile>
    <ClCompile Include="..\..\DUOEngine\WinMain.cpp">
      <Filter>DUOEngine\Entry</Filter>
    </ClCompile>
    <ClCompile Include="..\..\DUOEngine\LGCenter.cpp">
      <Filter>DUOEngine\Logic\Core</Filter>
    </ClCompile>
    <ClCompile Include="..\..\DUOEngine\LGInput.cpp">
      <Filter>DUOEngine\Logic\Input</Filter>
    </ClCompile>
    <ClCompile Include="..\..\DUOEngine\Object.cpp">
      <Filter>DUOEngine\Logic\Level\Object</Filter>
    </ClCompile>
    <ClCompile Include="..\..\DUOEngine\Scene.cpp">
      <Filter>DUOEngine\Logic\Level\Scene</Filter>
    </ClCompile>
    <ClCompile Include="..\..\DUOEngine\Sprite.cpp">
      <Filter>DUOEngine\Logic\Level\Sprite</Filter>
    </ClCompile>
    <ClCompile Include="..\..\DUOEngine\LGUtil.cpp">
      <Filter>DUOEngine\Logic\LogicUtil</Filter>
    </ClCompile>
    <ClCompile Include="..\..\DUOEngine\MessageDispatcher.cpp">
      <Filter>DUOEngine\Logic\Manager\Message</Filter>
    </ClCompile>
    <ClCompile Include="..\..\DUOEngine\CrudeTimer.cpp">
      <Filter>DUOEngine\Logic\Manager\Timer</Filter>
    </ClCompile>
    <ClCompile Include="..\..\DUOEngine\Point.cpp">
      <Filter>DUOEngine\Logic\Math</Filter>
    </ClCompile>
    <ClCompile Include="..\..\DUOEngine\Rect.cpp">
      <Filter>DUOEngine\Logic\Math</Filter>
    </ClCompile>
    <ClCompile Include="Code\main.cpp">
      <Filter>Game\Entry</Filter>
    </ClCompile>
    <ClCompile Include="Code\GameUtil.cpp">
      <Filter>Game\GameUtil</Filter>
    </ClCompile>
    <ClCompile Include="Code\Ability.cpp">
      <Filter>Game\Level\Attribute</Filter>
    </ClCompile>
    <ClCompile Include="Code\Prop.cpp">
      <Filter>Game\Level\Object</Filter>
    </ClCompile>
    <ClCompile Include="Code\Role.cpp">
      <Filter>Game\Level\Object</Filter>
    </ClCompile>
    <ClCompile Include="Code\Block.cpp">
      <Filter>Game\Level\Object</Filter>
    </ClCompile>
    <ClCompile Include="Code\Bubble.cpp">
      <Filter>Game\Level\Object</Filter>
    </ClCompile>
    <ClCompile Include="Code\GameObject.cpp">
      <Filter>Game\Level\Object</Filter>
    </ClCompile>
    <ClCompile Include="Code\PlayScene.cpp">
      <Filter>Game\Level\Scene</Filter>
    </ClCompile>
    <ClCompile Include="Code\RoleState.cpp">
      <Filter>Game\Manager\State</Filter>
    </ClCompile>
    <ClCompile Include="Code\BubbleState.cpp">
      <Filter>Game\Manager\State</Filter>
    </ClCompile>
  </ItemGroup>
</Project>